// !$*UTF8*$!
{
	archiveVersion = 1;
	classes = {
	};
	objectVersion = 50;
	objects = {

/* Begin PBXBuildFile section */
		58504B4522A50F2400D987A2 /* AppDelegate.m in Sources */ = {isa = PBXBuildFile; fileRef = 58504B4422A50F2400D987A2 /* AppDelegate.m */; };
		58504B4822A50F2400D987A2 /* ViewController.m in Sources */ = {isa = PBXBuildFile; fileRef = 58504B4722A50F2400D987A2 /* ViewController.m */; };
		58504B4B22A50F2400D987A2 /* Main.storyboard in Resources */ = {isa = PBXBuildFile; fileRef = 58504B4922A50F2400D987A2 /* Main.storyboard */; };
		58504B4D22A50F2600D987A2 /* Assets.xcassets in Resources */ = {isa = PBXBuildFile; fileRef = 58504B4C22A50F2600D987A2 /* Assets.xcassets */; };
		58504B5022A50F2600D987A2 /* LaunchScreen.storyboard in Resources */ = {isa = PBXBuildFile; fileRef = 58504B4E22A50F2600D987A2 /* LaunchScreen.storyboard */; };
		58504B5322A50F2600D987A2 /* main.m in Sources */ = {isa = PBXBuildFile; fileRef = 58504B5222A50F2600D987A2 /* main.m */; };
/* End PBXBuildFile section */

/* Begin PBXFileReference section */
		58504B4022A50F2400D987A2 /* Pirate Adventure Game.app */ = {isa = PBXFileReference; explicitFileType = wrapper.application; includeInIndex = 0; path = "Pirate Adventure Game.app"; sourceTree = BUILT_PRODUCTS_DIR; };
		58504B4322A50F2400D987A2 /* AppDelegate.h */ = {isa = PBXFileReference; lastKnownFileType = sourcecode.c.h; path = AppDelegate.h; sourceTree = "<group>"; };
		58504B4422A50F2400D987A2 /* AppDelegate.m */ = {isa = PBXFileReference; lastKnownFileType = sourcecode.c.objc; path = AppDelegate.m; sourceTree = "<group>"; };
		58504B4622A50F2400D987A2 /* ViewController.h */ = {isa = PBXFileReference; lastKnownFileType = sourcecode.c.h; path = ViewController.h; sourceTree = "<group>"; };
		58504B4722A50F2400D987A2 /* ViewController.m */ = {isa = PBXFileReference; lastKnownFileType = sourcecode.c.objc; path = ViewController.m; sourceTree = "<group>"; };
		58504B4A22A50F2400D987A2 /* Base */ = {isa = PBXFileReference; lastKnownFileType = file.storyboard; name = Base; path = Base.lproj/Main.storyboard; sourceTree = "<group>"; };
		58504B4C22A50F2600D987A2 /* Assets.xcassets */ = {isa = PBXFileReference; lastKnownFileType = folder.assetcatalog; path = Assets.xcassets; sourceTree = "<group>"; };
		58504B4F22A50F2600D987A2 /* Base */ = {isa = PBXFileReference; lastKnownFileType = file.storyboard; name = Base; path = Base.lproj/LaunchScreen.storyboard; sourceTree = "<group>"; };
		58504B5122A50F2600D987A2 /* Info.plist */ = {isa = PBXFileReference; lastKnownFileType = text.plist.xml; path = Info.plist; sourceTree = "<group>"; };
		58504B5222A50F2600D987A2 /* main.m */ = {isa = PBXFileReference; lastKnownFileType = sourcecode.c.objc; path = main.m; sourceTree = "<group>"; };
/* End PBXFileReference section */

/* Begin PBXFrameworksBuildPhase section */
		58504B3D22A50F2400D987A2 /* Frameworks */ = {
			isa = PBXFrameworksBuildPhase;
			buildActionMask = 2147483647;
			files = (
			);
			runOnlyForDeploymentPostprocessing = 0;
		};
/* End PBXFrameworksBuildPhase section */

/* Begin PBXGroup section */
		58504B3722A50F2400D987A2 = {
			isa = PBXGroup;
			children = (
				58504B4222A50F2400D987A2 /* Pirate Adventure Game */,
				58504B4122A50F2400D987A2 /* Products */,
			);
			sourceTree = "<group>";
		};
		58504B4122A50F2400D987A2 /* Products */ = {
			isa = PBXGroup;
			children = (
				58504B4022A50F2400D987A2 /* Pirate Adventure Game.app */,
			);
			name = Products;
			sourceTree = "<group>";
		};
		58504B4222A50F2400D987A2 /* Pirate Adventure Game */ = {
			isa = PBXGroup;
			children = (
				58504B4322A50F2400D987A2 /* AppDelegate.h */,
				58504B4422A50F2400D987A2 /* AppDelegate.m */,
				58504B4622A50F2400D987A2 /* ViewController.h */,
				58504B4722A50F2400D987A2 /* ViewController.m */,
				58504B4922A50F2400D987A2 /* Main.storyboard */,
				58504B4C22A50F2600D987A2 /* Assets.xcassets */,
				58504B4E22A50F2600D987A2 /* LaunchScreen.storyboard */,
				58504B5122A50F2600D987A2 /* Info.plist */,
				58504B5222A50F2600D987A2 /* main.m */,
			);
			path = "Pirate Adventure Game";
			sourceTree = "<group>";
		};
/* End PBXGroup section */

/* Begin PBXNativeTarget section */
		58504B3F22A50F2400D987A2 /* Pirate Adventure Game */ = {
			isa = PBXNativeTarget;
			buildConfigurationList = 58504B5622A50F2600D987A2 /* Build configuration list for PBXNativeTarget "Pirate Adventure Game" */;
			buildPhases = (
				58504B3C22A50F2400D987A2 /* Sources */,
				58504B3D22A50F2400D987A2 /* Frameworks */,
				58504B3E22A50F2400D987A2 /* Resources */,
			);
			buildRules = (
			);
			dependencies = (
			);
			name = "Pirate Adventure Game";
			productName = "Pirate Adventure Game";
			productReference = 58504B4022A50F2400D987A2 /* Pirate Adventure Game.app */;
			productType = "com.apple.product-type.application";
		};
/* End PBXNativeTarget section */

/* Begin PBXProject section */
		58504B3822A50F2400D987A2 /* Project object */ = {
			isa = PBXProject;
			attributes = {
				LastUpgradeCheck = 1020;
				ORGANIZATIONNAME = "Angelina Friz";
				TargetAttributes = {
					58504B3F22A50F2400D987A2 = {
						CreatedOnToolsVersion = 10.2.1;
					};
				};
			};
			buildConfigurationList = 58504B3B22A50F2400D987A2 /* Build configuration list for PBXProject "Pirate Adventure Game" */;
			compatibilityVersion = "Xcode 9.3";
			developmentRegion = en;
			hasScannedForEncodings = 0;
			knownRegions = (
				en,
				Base,
			);
			mainGroup = 58504B3722A50F2400D987A2;
			productRefGroup = 58504B4122A50F2400D987A2 /* Products */;
			projectDirPath = "";
			projectRoot = "";
			targets = (
				58504B3F22A50F2400D987A2 /* Pirate Adventure Game */,
			);
		};
/* End PBXProject section */

/* Begin PBXResourcesBuildPhase section */
		58504B3E22A50F2400D987A2 /* Resources */ = {
			isa = PBXResourcesBuildPhase;
			buildActionMask = 2147483647;
			files = (
				58504B5022A50F2600D987A2 /* LaunchScreen.storyboard in Resources */,
				58504B4D22A50F2600D987A2 /* Assets.xcassets in Resources */,
				58504B4B22A50F2400D987A2 /* Main.storyboard in Resources */,
			);
			runOnlyForDeploymentPostprocessing = 0;
		};
/* End PBXResourcesBuildPhase section */

/* Begin PBXSourcesBuildPhase section */
		58504B3C22A50F2400D987A2 /* Sources */ = {
			isa = PBXSourcesBuildPhase;
			buildActionMask = 2147483647;
			files = (
				58504B4822A50F2400D987A2 /* ViewController.m in Sources */,
				58504B5322A50F2600D987A2 /* main.m in Sources */,
				58504B4522A50F2400D987A2 /* AppDelegate.m in Sources */,
			);
			runOnlyForDeploymentPostprocessing = 0;
		};
/* End PBXSourcesBuildPhase section */

/* Begin PBXVariantGroup section */
		58504B4922A50F2400D987A2 /* Main.storyboard */ = {
			isa = PBXVariantGroup;
			children = (
				58504B4A22A50F2400D987A2 /* Base */,
			);
			name = Main.storyboard;
			sourceTree = "<group>";
		};
		58504B4E22A50F2600D987A2 /* LaunchScreen.storyboard */ = {
			isa = PBXVariantGroup;
			children = (
				58504B4F22A50F2600D987A2 /* Base */,
			);
			name = LaunchScreen.storyboard;
			sourceTree = "<group>";
		};
/* End PBXVariantGroup section */

/* Begin XCBuildConfiguration section */
		58504B5422A50F2600D987A2 /* Debug */ = {
			isa = XCBuildConfiguration;
			buildSettings = {
				ALWAYS_SEARCH_USER_PATHS = NO;
				CLANG_ANALYZER_NONNULL = YES;
				CLANG_ANALYZER_NUMBER_OBJECT_CONVERSION = YES_AGGRESSIVE;
				CLANG_CXX_LANGUAGE_STANDARD = "gnu++14";
				CLANG_CXX_LIBRARY = "libc++";
				CLANG_ENABLE_MODULES = YES;
				CLANG_ENABLE_OBJC_ARC = YES;
				CLANG_ENABLE_OBJC_WEAK = YES;
				CLANG_WARN_BLOCK_CAPTURE_AUTORELEASING = YES;
				CLANG_WARN_BOOL_CONVERSION = YES;
				CLANG_WARN_COMMA = YES;
				CLANG_WARN_CONSTANT_CONVERSION = YES;
				CLANG_WARN_DEPRECATED_OBJC_IMPLEMENTATIONS = YES;
				CLANG_WARN_DIRECT_OBJC_ISA_USAGE = YES_ERROR;
				CLANG_WARN_DOCUMENTATION_COMMENTS = YES;
				CLANG_WARN_EMPTY_BODY = YES;
				CLANG_WARN_ENUM_CONVERSION = YES;
				CLANG_WARN_INFINITE_RECURSION = YES;
				CLANG_WARN_INT_CONVERSION = YES;
				CLANG_WARN_NON_LITERAL_NULL_CONVERSION = YES;
				CLANG_WARN_OBJC_IMPLICIT_RETAIN_SELF = YES;
				CLANG_WARN_OBJC_LITERAL_CONVERSION = YES;
				CLANG_WARN_OBJC_ROOT_CLASS = YES_ERROR;
				CLANG_WARN_RANGE_LOOP_ANALYSIS = YES;
				CLANG_WARN_STRICT_PROTOTYPES = YES;
				CLANG_WARN_SUSPICIOUS_MOVE = YES;
				CLANG_WARN_UNGUARDED_AVAILABILITY = YES_AGGRESSIVE;
				CLANG_WARN_UNREACHABLE_CODE = YES;
				CLANG_WARN__DUPLICATE_METHOD_MATCH = YES;
				CODE_SIGN_IDENTITY = "iPhone Developer";
				COPY_PHASE_STRIP = NO;
				DEBUG_INFORMATION_FORMAT = dwarf;
				ENABLE_STRICT_OBJC_MSGSEND = YES;
				ENABLE_TESTABILITY = YES;
				GCC_C_LANGUAGE_STANDARD = gnu11;
				GCC_DYNAMIC_NO_PIC = NO;
				GCC_NO_COMMON_BLOCKS = YES;
				GCC_OPTIMIZATION_LEVEL = 0;
				GCC_PREPROCESSOR_DEFINITIONS = (
					"DEBUG=1",
					"$(inherited)",
				);
				GCC_WARN_64_TO_32_BIT_CONVERSION = YES;
				GCC_WARN_ABOUT_RETURN_TYPE = YES_ERROR;
				GCC_WARN_UNDECLARED_SELECTOR = YES;
				GCC_WARN_UNINITIALIZED_AUTOS = YES_AGGRESSIVE;
				GCC_WARN_UNUSED_FUNCTION = YES;
				GCC_WARN_UNUSED_VARIABLE = YES;
				IPHONEOS_DEPLOYMENT_TARGET = 12.2;
				MTL_ENABLE_DEBUG_INFO = INCLUDE_SOURCE;
				MTL_FAST_MATH = YES;
				ONLY_ACTIVE_ARCH = YES;
				SDKROOT = iphoneos;
			};
			name = Debug;
		};
		58504B5522A50F2600D987A2 /* Release */ = {
			isa = XCBuildConfiguration;
			buildSettings = {
				ALWAYS_SEARCH_USER_PATHS = NO;
				CLANG_ANALYZER_NONNULL = YES;
				CLANG_ANALYZER_NUMBER_OBJECT_CONVERSION = YES_AGGRESSIVE;
				CLANG_CXX_LANGUAGE_STANDARD = "gnu++14";
				CLANG_CXX_LIBRARY = "libc++";
				CLANG_ENABLE_MODULES = YES;
				CLANG_ENABLE_OBJC_ARC = YES;
				CLANG_ENABLE_OBJC_WEAK = YES;
				CLANG_WARN_BLOCK_CAPTURE_AUTORELEASING = YES;
				CLANG_WARN_BOOL_CONVERSION = YES;
				CLANG_WARN_COMMA = YES;
				CLANG_WARN_CONSTANT_CONVERSION = YES;
				CLANG_WARN_DEPRECATED_OBJC_IMPLEMENTATIONS = YES;
				CLANG_WARN_DIRECT_OBJC_ISA_USAGE = YES_ERROR;
				CLANG_WARN_DOCUMENTATION_COMMENTS = YES;
				CLANG_WARN_EMPTY_BODY = YES;
				CLANG_WARN_ENUM_CONVERSION = YES;
				CLANG_WARN_INFINITE_RECURSION = YES;
				CLANG_WARN_INT_CONVERSION = YES;
				CLANG_WARN_NON_LITERAL_NULL_CONVERSION = YES;
				CLANG_WARN_OBJC_IMPLICIT_RETAIN_SELF = YES;
				CLANG_WARN_OBJC_LITERAL_CONVERSION = YES;
				CLANG_WARN_OBJC_ROOT_CLASS = YES_ERROR;
				CLANG_WARN_RANGE_LOOP_ANALYSIS = YES;
				CLANG_WARN_STRICT_PROTOTYPES = YES;
				CLANG_WARN_SUSPICIOUS_MOVE = YES;
				CLANG_WARN_UNGUARDED_AVAILABILITY = YES_AGGRESSIVE;
				CLANG_WARN_UNREACHABLE_CODE = YES;
				CLANG_WARN__DUPLICATE_METHOD_MATCH = YES;
				CODE_SIGN_IDENTITY = "iPhone Developer";
				COPY_PHASE_STRIP = NO;
				DEBUG_INFORMATION_FORMAT = "dwarf-with-dsym";
				ENABLE_NS_ASSERTIONS = NO;
				ENABLE_STRICT_OBJC_MSGSEND = YES;
				GCC_C_LANGUAGE_STANDARD = gnu11;
				GCC_NO_COMMON_BLOCKS = YES;
				GCC_WARN_64_TO_32_BIT_CONVERSION = YES;
				GCC_WARN_ABOUT_RETURN_TYPE = YES_ERROR;
				GCC_WARN_UNDECLARED_SELECTOR = YES;
				GCC_WARN_UNINITIALIZED_AUTOS = YES_AGGRESSIVE;
				GCC_WARN_UNUSED_FUNCTION = YES;
				GCC_WARN_UNUSED_VARIABLE = YES;
				IPHONEOS_DEPLOYMENT_TARGET = 12.2;
				MTL_ENABLE_DEBUG_INFO = NO;
				MTL_FAST_MATH = YES;
				SDKROOT = iphoneos;
				VALIDATE_PRODUCT = YES;
			};
			name = Release;
		};
		58504B5722A50F2600D987A2 /* Debug */ = {
			isa = XCBuildConfiguration;
			buildSettings = {
				ASSETCATALOG_COMPILER_APPICON_NAME = AppIcon;
				CODE_SIGN_STYLE = Automatic;
				DEVELOPMENT_TEAM = QKHU8FT2PB;
				INFOPLIST_FILE = "Pirate Adventure Game/Info.plist";
				LD_RUNPATH_SEARCH_PATHS = (
					"$(inherited)",
					"@executable_path/Frameworks",
				);
				PRODUCT_BUNDLE_IDENTIFIER = "com.angelinafriz.Pirate-Adventure-Game";
				PRODUCT_NAME = "$(TARGET_NAME)";
				TARGETED_DEVICE_FAMILY = "1,2";
			};
			name = Debug;
		};
		58504B5822A50F2600D987A2 /* Release */ = {
			isa = XCBuildConfiguration;
			buildSettings = {
				ASSETCATALOG_COMPILER_APPICON_NAME = AppIcon;
				CODE_SIGN_STYLE = Automatic;
				DEVELOPMENT_TEAM = QKHU8FT2PB;
				INFOPLIST_FILE = "Pirate Adventure Game/Info.plist";
				LD_RUNPATH_SEARCH_PATHS = (
					"$(inherited)",
					"@executable_path/Frameworks",
				);
				PRODUCT_BUNDLE_IDENTIFIER = "com.angelinafriz.Pirate-Adventure-Game";
				PRODUCT_NAME = "$(TARGET_NAME)";
				TARGETED_DEVICE_FAMILY = "1,2";
			};
			name = Release;
		};
/* End XCBuildConfiguration section */

/* Begin XCConfigurationList section */
		58504B3B22A50F2400D987A2 /* Build configuration list for PBXProject "Pirate Adventure Game" */ = {
			isa = XCConfigurationList;
			buildConfigurations = (
				58504B5422A50F2600D987A2 /* Debug */,
				58504B5522A50F2600D987A2 /* Release */,
			);
			defaultConfigurationIsVisible = 0;
			defaultConfigurationName = Release;
		};
		58504B5622A50F2600D987A2 /* Build configuration list for PBXNativeTarget "Pirate Adventure Game" */ = {
			isa = XCConfigurationList;
			buildConfigurations = (
				58504B5722A50F2600D987A2 /* Debug */,
				58504B5822A50F2600D987A2 /* Release */,
			);
			defaultConfigurationIsVisible = 0;
			defaultConfigurationName = Release;
		};
/* End XCConfigurationList section */
	};
	rootObject = 58504B3822A50F2400D987A2 /* Project object */;
}
